lockfileVersion: 5.4

specifiers:
  undefined: ^0.1.0

dependencies:
  undefined: 0.1.0

packages:

  /undefined/0.1.0:
    resolution: {integrity: sha512-NkvZ+cpfGNrQvaCMPr2DytKuQfUTTUUloyqxhjLIzUm6OIBBgjH0zUIObsDejlvNHXBmXNCEt4IOFE6HB+ourA==}
    deprecated: this package has been deprecated
    dev: false
