lockfileVersion: '6.0'

settings:
  autoInstallPeers: true
  excludeLinksFromLockfile: false

dependencies:
  undefined:
    specifier: ^0.1.0
    version: registry.npmmirror.com/undefined@0.1.0

packages:

  registry.npmmirror.com/undefined@0.1.0:
    resolution: {integrity: sha512-NkvZ+cpfGNrQvaCMPr2DytKuQfUTTUUloyqxhjLIzUm6OIBBgjH0zUIObsDejlvNHXBmXNCEt4IOFE6HB+ourA==, registry: https://registry.npm.taobao.org/, tarball: https://registry.npmmirror.com/undefined/-/undefined-0.1.0.tgz}
    name: undefined
    version: 0.1.0
    deprecated: this package has been deprecated
    dev: false
